
Microsoft Visual Studio Solution File, Format Version 12.00
# Visual Studio Version 17
VisualStudioVersion = 17.14.36717.8
MinimumVisualStudioVersion = 10.0.40219.1
Project("{8BC9CEB8-8B4A-11D0-8D11-00A0C91BC942}") = "style.conf.converter", "style.conf.converter.vcxproj", "{673905CC-86F2-4279-B732-2345B3227E72}"
EndProject
Project("{2150E333-8FDC-42A3-9474-1A3956D46DE8}") = "common", "common", "{DDB4EF12-CC4E-5E88-E6FC-71A802F4DE97}"
	ProjectSection(SolutionItems) = preProject
		.editorconfig = .editorconfig
		.gitattributes = .gitattributes
		.gitignore = .gitignore
		LICENSE = LICENSE
		README.md = README.md
	EndProjectSection
EndProject
Project("{2150E333-8FDC-42A3-9474-1A3956D46DE8}") = "my", "my", "{83E91EFD-D8C4-472B-84BC-3878C1962927}"
	ProjectSection(SolutionItems) = preProject
		common\my\detours.hpp = common\my\detours.hpp
		common\my\dialog.hpp = common\my\dialog.hpp
		common\my\dialog2.hpp = common\my\dialog2.hpp
		common\my\file_update_checker.hpp = common\my\file_update_checker.hpp
		common\my\format.hpp = common\my\format.hpp
		common\my\gdi.hpp = common\my\gdi.hpp
		common\my\gdiplus.hpp = common\my\gdiplus.hpp
		common\my\json.hpp = common\my\json.hpp
		common\my\label.hpp = common\my\label.hpp
		common\my\layout.hpp = common\my\layout.hpp
		common\my\mfc.hpp = common\my\mfc.hpp
		common\my\shortcut_key.hpp = common\my\shortcut_key.hpp
		common\my\slimbar.hpp = common\my\slimbar.hpp
		common\my\str_utils.hpp = common\my\str_utils.hpp
		common\my\tools.hpp = common\my\tools.hpp
		common\my\trace.hpp = common\my\trace.hpp
		common\my\trace_to_file.hpp = common\my\trace_to_file.hpp
		common\my\uah_menu.hpp = common\my\uah_menu.hpp
		common\my\utils.hpp = common\my\utils.hpp
		common\my\window.hpp = common\my\window.hpp
		common\my\window2.hpp = common\my\window2.hpp
		common\my\window_interceptor.hpp = common\my\window_interceptor.hpp
		common\my\win_utils.hpp = common\my\win_utils.hpp
		common\my\win_wrap.hpp = common\my\win_wrap.hpp
	EndProjectSection
EndProject
Project("{2150E333-8FDC-42A3-9474-1A3956D46DE8}") = "sprintfmt", "sprintfmt", "{DC608B83-B361-44B9-8409-CA94A6E5A361}"
	ProjectSection(SolutionItems) = preProject
		common\sprintfmt\sprintfmt.hpp = common\sprintfmt\sprintfmt.hpp
	EndProjectSection
EndProject
Global
	GlobalSection(SolutionConfigurationPlatforms) = preSolution
		Debug|x64 = Debug|x64
		Debug|x86 = Debug|x86
		Release|x64 = Release|x64
		Release|x86 = Release|x86
	EndGlobalSection
	GlobalSection(ProjectConfigurationPlatforms) = postSolution
		{673905CC-86F2-4279-B732-2345B3227E72}.Debug|x64.ActiveCfg = Debug|x64
		{673905CC-86F2-4279-B732-2345B3227E72}.Debug|x64.Build.0 = Debug|x64
		{673905CC-86F2-4279-B732-2345B3227E72}.Debug|x86.ActiveCfg = Debug|Win32
		{673905CC-86F2-4279-B732-2345B3227E72}.Debug|x86.Build.0 = Debug|Win32
		{673905CC-86F2-4279-B732-2345B3227E72}.Release|x64.ActiveCfg = Release|x64
		{673905CC-86F2-4279-B732-2345B3227E72}.Release|x64.Build.0 = Release|x64
		{673905CC-86F2-4279-B732-2345B3227E72}.Release|x86.ActiveCfg = Release|Win32
		{673905CC-86F2-4279-B732-2345B3227E72}.Release|x86.Build.0 = Release|Win32
	EndGlobalSection
	GlobalSection(SolutionProperties) = preSolution
		HideSolutionNode = FALSE
	EndGlobalSection
	GlobalSection(NestedProjects) = preSolution
		{83E91EFD-D8C4-472B-84BC-3878C1962927} = {DDB4EF12-CC4E-5E88-E6FC-71A802F4DE97}
		{DC608B83-B361-44B9-8409-CA94A6E5A361} = {DDB4EF12-CC4E-5E88-E6FC-71A802F4DE97}
	EndGlobalSection
	GlobalSection(ExtensibilityGlobals) = postSolution
		SolutionGuid = {9B92EF0F-AA80-4544-8C68-89DE589C3BE5}
	EndGlobalSection
EndGlobal
